
Microsoft Visual Studio Solution File, Format Version 12.00
# Visual Studio Version 17
VisualStudioVersion = 17.8.34511.84
MinimumVisualStudioVersion = 10.0.40219.1
Project("{FAE04EC0-301F-11D3-BF4B-00C04F79EFBC}") = "ATV2.2_CJ3022234", "ATV2.2_CJ3022234\ATV2.2_CJ3022234.csproj", "{D24F5496-21E8-42EE-A681-81ED9EEFB2BB}"
EndProject
Global
	GlobalSection(SolutionConfigurationPlatforms) = preSolution
		Debug|Any CPU = Debug|Any CPU
		Release|Any CPU = Release|Any CPU
	EndGlobalSection
	GlobalSection(ProjectConfigurationPlatforms) = postSolution
		{D24F5496-21E8-42EE-A681-81ED9EEFB2BB}.Debug|Any CPU.ActiveCfg = Debug|Any CPU
		{D24F5496-21E8-42EE-A681-81ED9EEFB2BB}.Debug|Any CPU.Build.0 = Debug|Any CPU
		{D24F5496-21E8-42EE-A681-81ED9EEFB2BB}.Release|Any CPU.ActiveCfg = Release|Any CPU
		{D24F5496-21E8-42EE-A681-81ED9EEFB2BB}.Release|Any CPU.Build.0 = Release|Any CPU
	EndGlobalSection
	GlobalSection(SolutionProperties) = preSolution
		HideSolutionNode = FALSE
	EndGlobalSection
	GlobalSection(ExtensibilityGlobals) = postSolution
		SolutionGuid = {F0EEA289-8C2E-49FD-8879-D7FA86540BF0}
	EndGlobalSection
EndGlobal
